
Microsoft Visual Studio Solution File, Format Version 12.00
Project("{FAE04EC0-301F-11D3-BF4B-00C04F79EFBC}") = "ExercismsLibrary", "ExercismsLibrary\ExercismsLibrary.csproj", "{B32AA677-160A-492B-BA60-A3F485C8A991}"
EndProject
Project("{FAE04EC0-301F-11D3-BF4B-00C04F79EFBC}") = "ExercismsTests", "ExercismsTests\ExercismsTests.csproj", "{19B944FC-51C1-4C82-87B6-F1C28FCD48AF}"
EndProject
Global
	GlobalSection(SolutionConfigurationPlatforms) = preSolution
		Debug|Any CPU = Debug|Any CPU
		Release|Any CPU = Release|Any CPU
	EndGlobalSection
	GlobalSection(ProjectConfigurationPlatforms) = postSolution
		{B32AA677-160A-492B-BA60-A3F485C8A991}.Debug|Any CPU.ActiveCfg = Debug|Any CPU
		{B32AA677-160A-492B-BA60-A3F485C8A991}.Debug|Any CPU.Build.0 = Debug|Any CPU
		{B32AA677-160A-492B-BA60-A3F485C8A991}.Release|Any CPU.ActiveCfg = Release|Any CPU
		{B32AA677-160A-492B-BA60-A3F485C8A991}.Release|Any CPU.Build.0 = Release|Any CPU
		{19B944FC-51C1-4C82-87B6-F1C28FCD48AF}.Debug|Any CPU.ActiveCfg = Debug|Any CPU
		{19B944FC-51C1-4C82-87B6-F1C28FCD48AF}.Debug|Any CPU.Build.0 = Debug|Any CPU
		{19B944FC-51C1-4C82-87B6-F1C28FCD48AF}.Release|Any CPU.ActiveCfg = Release|Any CPU
		{19B944FC-51C1-4C82-87B6-F1C28FCD48AF}.Release|Any CPU.Build.0 = Release|Any CPU
	EndGlobalSection
EndGlobal
